// !$*UTF8*$!
{
	archiveVersion = 1;
	classes = {
	};
	objectVersion = 50;
	objects = {

/* Begin PBXBuildFile section */
		9C0CB89A227BDCA8004E47D2 /* UIViewExtension.swift in Sources */ = {isa = PBXBuildFile; fileRef = 9C0CB899227BDCA8004E47D2 /* UIViewExtension.swift */; };
		9C4B220B223D6E9C001C9427 /* FiveDayForecastModel.swift in Sources */ = {isa = PBXBuildFile; fileRef = 9C4B220A223D6E9C001C9427 /* FiveDayForecastModel.swift */; };
		9C4B2210223D8102001C9427 /* CurrentWeatherEndPoint.swift in Sources */ = {isa = PBXBuildFile; fileRef = 9C4B220F223D8102001C9427 /* CurrentWeatherEndPoint.swift */; };
		9C4B2212223D8111001C9427 /* FiveDayForecastEndpoint.swift in Sources */ = {isa = PBXBuildFile; fileRef = 9C4B2211223D8111001C9427 /* FiveDayForecastEndpoint.swift */; };
		9C4B2215223D8162001C9427 /* General.swift in Sources */ = {isa = PBXBuildFile; fileRef = 9C4B2214223D8162001C9427 /* General.swift */; };
		9CA758E22288A094001A923A /* CurrentInfoDetailsCollectionViewController.swift in Sources */ = {isa = PBXBuildFile; fileRef = 9CA758E12288A094001A923A /* CurrentInfoDetailsCollectionViewController.swift */; };
		9CA758E42288AFB3001A923A /* DateExtension.swift in Sources */ = {isa = PBXBuildFile; fileRef = 9CA758E32288AFB3001A923A /* DateExtension.swift */; };
		9CD5AF3E214D9B8C00890929 /* AppDelegate.swift in Sources */ = {isa = PBXBuildFile; fileRef = 9CD5AF3D214D9B8C00890929 /* AppDelegate.swift */; };
		9CD5AF40214D9B8C00890929 /* MainViewController.swift in Sources */ = {isa = PBXBuildFile; fileRef = 9CD5AF3F214D9B8C00890929 /* MainViewController.swift */; };
		9CD5AF43214D9B8C00890929 /* Main.storyboard in Resources */ = {isa = PBXBuildFile; fileRef = 9CD5AF41214D9B8C00890929 /* Main.storyboard */; };
		9CD5AF45214D9B8D00890929 /* Assets.xcassets in Resources */ = {isa = PBXBuildFile; fileRef = 9CD5AF44214D9B8D00890929 /* Assets.xcassets */; };
		9CD5AF48214D9B8D00890929 /* LaunchScreen.storyboard in Resources */ = {isa = PBXBuildFile; fileRef = 9CD5AF46214D9B8D00890929 /* LaunchScreen.storyboard */; };
		9CD5AF51214D9BA700890929 /* MapKit.framework in Frameworks */ = {isa = PBXBuildFile; fileRef = 9CD5AF50214D9BA700890929 /* MapKit.framework */; };
		9CD5AF55214DB1C200890929 /* CurrentWeatherModel.swift in Sources */ = {isa = PBXBuildFile; fileRef = 9CD5AF54214DB1C200890929 /* CurrentWeatherModel.swift */; };
		9CDC8EFF2278F9E900DD680F /* FiveDayForecastCell.xib in Resources */ = {isa = PBXBuildFile; fileRef = 9CDC8EFE2278F9E900DD680F /* FiveDayForecastCell.xib */; };
		9CDC8F022278FA3000DD680F /* FiveDayForecastCell.swift in Sources */ = {isa = PBXBuildFile; fileRef = 9CDC8F012278FA3000DD680F /* FiveDayForecastCell.swift */; };
		9CDC8F042279230400DD680F /* CurrentInfoView.xib in Resources */ = {isa = PBXBuildFile; fileRef = 9CDC8F032279230400DD680F /* CurrentInfoView.xib */; };
		9CDC8F062279417A00DD680F /* CurrentInfoView.swift in Sources */ = {isa = PBXBuildFile; fileRef = 9CDC8F052279417A00DD680F /* CurrentInfoView.swift */; };
		9CDC8F082279425600DD680F /* CurrentInfoDetailCell.xib in Resources */ = {isa = PBXBuildFile; fileRef = 9CDC8F072279425600DD680F /* CurrentInfoDetailCell.xib */; };
		9CDC8F0A2279445600DD680F /* CurrentInfoDetailCell.swift in Sources */ = {isa = PBXBuildFile; fileRef = 9CDC8F092279445600DD680F /* CurrentInfoDetailCell.swift */; };
		9CDC8F0D2279FF3500DD680F /* UICollectionViewExtension.swift in Sources */ = {isa = PBXBuildFile; fileRef = 9CDC8F0C2279FF3500DD680F /* UICollectionViewExtension.swift */; };
		9CDC8F0F227A02CB00DD680F /* SecondScreenView.xib in Resources */ = {isa = PBXBuildFile; fileRef = 9CDC8F0E227A02CB00DD680F /* SecondScreenView.xib */; };
		9CDC8F11227A03C800DD680F /* SecondScreenView.swift in Sources */ = {isa = PBXBuildFile; fileRef = 9CDC8F10227A03C800DD680F /* SecondScreenView.swift */; };
		9CDC8F13227A583600DD680F /* FiveDayForecastTableViewController.swift in Sources */ = {isa = PBXBuildFile; fileRef = 9CDC8F12227A583600DD680F /* FiveDayForecastTableViewController.swift */; };
		9CDC8F15227A5AD000DD680F /* UITableViewExtension.swift in Sources */ = {isa = PBXBuildFile; fileRef = 9CDC8F14227A5AD000DD680F /* UITableViewExtension.swift */; };
		9CDF57F2220D159A00086046 /* NetworkManager.swift in Sources */ = {isa = PBXBuildFile; fileRef = 9CDF57F1220D159A00086046 /* NetworkManager.swift */; };
/* End PBXBuildFile section */

/* Begin PBXFileReference section */
		9C0CB899227BDCA8004E47D2 /* UIViewExtension.swift */ = {isa = PBXFileReference; lastKnownFileType = sourcecode.swift; path = UIViewExtension.swift; sourceTree = "<group>"; };
		9C4B220A223D6E9C001C9427 /* FiveDayForecastModel.swift */ = {isa = PBXFileReference; lastKnownFileType = sourcecode.swift; path = FiveDayForecastModel.swift; sourceTree = "<group>"; };
		9C4B220F223D8102001C9427 /* CurrentWeatherEndPoint.swift */ = {isa = PBXFileReference; lastKnownFileType = sourcecode.swift; path = CurrentWeatherEndPoint.swift; sourceTree = "<group>"; };
		9C4B2211223D8111001C9427 /* FiveDayForecastEndpoint.swift */ = {isa = PBXFileReference; lastKnownFileType = sourcecode.swift; path = FiveDayForecastEndpoint.swift; sourceTree = "<group>"; };
		9C4B2214223D8162001C9427 /* General.swift */ = {isa = PBXFileReference; lastKnownFileType = sourcecode.swift; path = General.swift; sourceTree = "<group>"; };
		9CA758E12288A094001A923A /* CurrentInfoDetailsCollectionViewController.swift */ = {isa = PBXFileReference; lastKnownFileType = sourcecode.swift; path = CurrentInfoDetailsCollectionViewController.swift; sourceTree = "<group>"; };
		9CA758E32288AFB3001A923A /* DateExtension.swift */ = {isa = PBXFileReference; lastKnownFileType = sourcecode.swift; path = DateExtension.swift; sourceTree = "<group>"; };
		9CD5AF3A214D9B8B00890929 /* Current Weather.app */ = {isa = PBXFileReference; explicitFileType = wrapper.application; includeInIndex = 0; path = "Current Weather.app"; sourceTree = BUILT_PRODUCTS_DIR; };
		9CD5AF3D214D9B8C00890929 /* AppDelegate.swift */ = {isa = PBXFileReference; lastKnownFileType = sourcecode.swift; path = AppDelegate.swift; sourceTree = "<group>"; };
		9CD5AF3F214D9B8C00890929 /* MainViewController.swift */ = {isa = PBXFileReference; lastKnownFileType = sourcecode.swift; path = MainViewController.swift; sourceTree = "<group>"; };
		9CD5AF42214D9B8C00890929 /* Base */ = {isa = PBXFileReference; lastKnownFileType = file.storyboard; name = Base; path = Base.lproj/Main.storyboard; sourceTree = "<group>"; };
		9CD5AF44214D9B8D00890929 /* Assets.xcassets */ = {isa = PBXFileReference; lastKnownFileType = folder.assetcatalog; path = Assets.xcassets; sourceTree = "<group>"; };
		9CD5AF47214D9B8D00890929 /* Base */ = {isa = PBXFileReference; lastKnownFileType = file.storyboard; name = Base; path = Base.lproj/LaunchScreen.storyboard; sourceTree = "<group>"; };
		9CD5AF49214D9B8D00890929 /* Info.plist */ = {isa = PBXFileReference; lastKnownFileType = text.plist.xml; path = Info.plist; sourceTree = "<group>"; };
		9CD5AF50214D9BA700890929 /* MapKit.framework */ = {isa = PBXFileReference; lastKnownFileType = wrapper.framework; name = MapKit.framework; path = System/Library/Frameworks/MapKit.framework; sourceTree = SDKROOT; };
		9CD5AF54214DB1C200890929 /* CurrentWeatherModel.swift */ = {isa = PBXFileReference; lastKnownFileType = sourcecode.swift; path = CurrentWeatherModel.swift; sourceTree = "<group>"; };
		9CDC8EFE2278F9E900DD680F /* FiveDayForecastCell.xib */ = {isa = PBXFileReference; lastKnownFileType = file.xib; path = FiveDayForecastCell.xib; sourceTree = "<group>"; };
		9CDC8F012278FA3000DD680F /* FiveDayForecastCell.swift */ = {isa = PBXFileReference; lastKnownFileType = sourcecode.swift; path = FiveDayForecastCell.swift; sourceTree = "<group>"; };
		9CDC8F032279230400DD680F /* CurrentInfoView.xib */ = {isa = PBXFileReference; lastKnownFileType = file.xib; path = CurrentInfoView.xib; sourceTree = "<group>"; };
		9CDC8F052279417A00DD680F /* CurrentInfoView.swift */ = {isa = PBXFileReference; lastKnownFileType = sourcecode.swift; path = CurrentInfoView.swift; sourceTree = "<group>"; };
		9CDC8F072279425600DD680F /* CurrentInfoDetailCell.xib */ = {isa = PBXFileReference; lastKnownFileType = file.xib; path = CurrentInfoDetailCell.xib; sourceTree = "<group>"; };
		9CDC8F092279445600DD680F /* CurrentInfoDetailCell.swift */ = {isa = PBXFileReference; lastKnownFileType = sourcecode.swift; path = CurrentInfoDetailCell.swift; sourceTree = "<group>"; };
		9CDC8F0C2279FF3500DD680F /* UICollectionViewExtension.swift */ = {isa = PBXFileReference; lastKnownFileType = sourcecode.swift; path = UICollectionViewExtension.swift; sourceTree = "<group>"; };
		9CDC8F0E227A02CB00DD680F /* SecondScreenView.xib */ = {isa = PBXFileReference; lastKnownFileType = file.xib; path = SecondScreenView.xib; sourceTree = "<group>"; };
		9CDC8F10227A03C800DD680F /* SecondScreenView.swift */ = {isa = PBXFileReference; lastKnownFileType = sourcecode.swift; path = SecondScreenView.swift; sourceTree = "<group>"; };
		9CDC8F12227A583600DD680F /* FiveDayForecastTableViewController.swift */ = {isa = PBXFileReference; lastKnownFileType = sourcecode.swift; path = FiveDayForecastTableViewController.swift; sourceTree = "<group>"; };
		9CDC8F14227A5AD000DD680F /* UITableViewExtension.swift */ = {isa = PBXFileReference; lastKnownFileType = sourcecode.swift; path = UITableViewExtension.swift; sourceTree = "<group>"; };
		9CDF57F1220D159A00086046 /* NetworkManager.swift */ = {isa = PBXFileReference; lastKnownFileType = sourcecode.swift; path = NetworkManager.swift; sourceTree = "<group>"; };
/* End PBXFileReference section */

/* Begin PBXFrameworksBuildPhase section */
		9CD5AF37214D9B8B00890929 /* Frameworks */ = {
			isa = PBXFrameworksBuildPhase;
			buildActionMask = 2147483647;
			files = (
				9CD5AF51214D9BA700890929 /* MapKit.framework in Frameworks */,
			);
			runOnlyForDeploymentPostprocessing = 0;
		};
/* End PBXFrameworksBuildPhase section */

/* Begin PBXGroup section */
		9C4B220E223D7B2D001C9427 /* EndPoints */ = {
			isa = PBXGroup;
			children = (
				9C4B2213223D813E001C9427 /* OpenWeatherMap */,
			);
			path = EndPoints;
			sourceTree = "<group>";
		};
		9C4B2213223D813E001C9427 /* OpenWeatherMap */ = {
			isa = PBXGroup;
			children = (
				9C4B220F223D8102001C9427 /* CurrentWeatherEndPoint.swift */,
				9C4B2211223D8111001C9427 /* FiveDayForecastEndpoint.swift */,
				9C4B2214223D8162001C9427 /* General.swift */,
			);
			path = OpenWeatherMap;
			sourceTree = "<group>";
		};
		9CD5AF31214D9B8B00890929 = {
			isa = PBXGroup;
			children = (
				9CD5AF3C214D9B8B00890929 /* Current Weather */,
				9CD5AF3B214D9B8B00890929 /* Products */,
				9CD5AF4F214D9BA700890929 /* Frameworks */,
			);
			sourceTree = "<group>";
		};
		9CD5AF3B214D9B8B00890929 /* Products */ = {
			isa = PBXGroup;
			children = (
				9CD5AF3A214D9B8B00890929 /* Current Weather.app */,
			);
			name = Products;
			sourceTree = "<group>";
		};
		9CD5AF3C214D9B8B00890929 /* Current Weather */ = {
			isa = PBXGroup;
			children = (
				9CDC8F0B2279FF2300DD680F /* Extensions */,
				9CDC8EFD2278F9A600DD680F /* UI */,
				9CDF57F0220D157C00086046 /* Networking */,
				9CD5AF3D214D9B8C00890929 /* AppDelegate.swift */,
				9CDF57EE220D126800086046 /* ViewControllers */,
				9CDF57ED220D123800086046 /* Models */,
				9CDF57EF220D127600086046 /* Storyboards */,
				9CD5AF44214D9B8D00890929 /* Assets.xcassets */,
				9CD5AF46214D9B8D00890929 /* LaunchScreen.storyboard */,
				9CD5AF49214D9B8D00890929 /* Info.plist */,
			);
			path = "Current Weather";
			sourceTree = "<group>";
		};
		9CD5AF4F214D9BA700890929 /* Frameworks */ = {
			isa = PBXGroup;
			children = (
				9CD5AF50214D9BA700890929 /* MapKit.framework */,
			);
			name = Frameworks;
			sourceTree = "<group>";
		};
		9CDC8EFD2278F9A600DD680F /* UI */ = {
			isa = PBXGroup;
			children = (
				9CDC8F16227B70AF00DD680F /* Views */,
				9CDC8F002278F9EF00DD680F /* Cells */,
			);
			path = UI;
			sourceTree = "<group>";
		};
		9CDC8F002278F9EF00DD680F /* Cells */ = {
			isa = PBXGroup;
			children = (
				9CDC8EFE2278F9E900DD680F /* FiveDayForecastCell.xib */,
				9CDC8F012278FA3000DD680F /* FiveDayForecastCell.swift */,
				9CDC8F072279425600DD680F /* CurrentInfoDetailCell.xib */,
				9CDC8F092279445600DD680F /* CurrentInfoDetailCell.swift */,
			);
			path = Cells;
			sourceTree = "<group>";
		};
		9CDC8F0B2279FF2300DD680F /* Extensions */ = {
			isa = PBXGroup;
			children = (
				9CDC8F0C2279FF3500DD680F /* UICollectionViewExtension.swift */,
				9CDC8F14227A5AD000DD680F /* UITableViewExtension.swift */,
				9C0CB899227BDCA8004E47D2 /* UIViewExtension.swift */,
				9CA758E32288AFB3001A923A /* DateExtension.swift */,
			);
			path = Extensions;
			sourceTree = "<group>";
		};
		9CDC8F16227B70AF00DD680F /* Views */ = {
			isa = PBXGroup;
			children = (
				9CDC8F032279230400DD680F /* CurrentInfoView.xib */,
				9CDC8F052279417A00DD680F /* CurrentInfoView.swift */,
				9CDC8F0E227A02CB00DD680F /* SecondScreenView.xib */,
				9CDC8F10227A03C800DD680F /* SecondScreenView.swift */,
			);
			path = Views;
			sourceTree = "<group>";
		};
		9CDF57ED220D123800086046 /* Models */ = {
			isa = PBXGroup;
			children = (
				9CD5AF54214DB1C200890929 /* CurrentWeatherModel.swift */,
				9C4B220A223D6E9C001C9427 /* FiveDayForecastModel.swift */,
			);
			path = Models;
			sourceTree = "<group>";
		};
		9CDF57EE220D126800086046 /* ViewControllers */ = {
			isa = PBXGroup;
			children = (
				9CD5AF3F214D9B8C00890929 /* MainViewController.swift */,
				9CDC8F12227A583600DD680F /* FiveDayForecastTableViewController.swift */,
				9CA758E12288A094001A923A /* CurrentInfoDetailsCollectionViewController.swift */,
			);
			path = ViewControllers;
			sourceTree = "<group>";
		};
		9CDF57EF220D127600086046 /* Storyboards */ = {
			isa = PBXGroup;
			children = (
				9CD5AF41214D9B8C00890929 /* Main.storyboard */,
			);
			path = Storyboards;
			sourceTree = "<group>";
		};
		9CDF57F0220D157C00086046 /* Networking */ = {
			isa = PBXGroup;
			children = (
				9C4B220E223D7B2D001C9427 /* EndPoints */,
				9CDF57F1220D159A00086046 /* NetworkManager.swift */,
			);
			path = Networking;
			sourceTree = "<group>";
		};
/* End PBXGroup section */

/* Begin PBXNativeTarget section */
		9CD5AF39214D9B8B00890929 /* Current Weather */ = {
			isa = PBXNativeTarget;
			buildConfigurationList = 9CD5AF4C214D9B8D00890929 /* Build configuration list for PBXNativeTarget "Current Weather" */;
			buildPhases = (
				9CD5AF36214D9B8B00890929 /* Sources */,
				9CD5AF37214D9B8B00890929 /* Frameworks */,
				9CD5AF38214D9B8B00890929 /* Resources */,
			);
			buildRules = (
			);
			dependencies = (
			);
			name = "Current Weather";
			productName = "Current Weather";
			productReference = 9CD5AF3A214D9B8B00890929 /* Current Weather.app */;
			productType = "com.apple.product-type.application";
		};
/* End PBXNativeTarget section */

/* Begin PBXProject section */
		9CD5AF32214D9B8B00890929 /* Project object */ = {
			isa = PBXProject;
			attributes = {
				LastSwiftUpdateCheck = 0940;
				LastUpgradeCheck = 0940;
				ORGANIZATIONNAME = "Bilal Saad";
				TargetAttributes = {
					9CD5AF39214D9B8B00890929 = {
						CreatedOnToolsVersion = 9.4.1;
						LastSwiftMigration = 1020;
						SystemCapabilities = {
							com.apple.Maps.iOS = {
								enabled = 1;
							};
						};
					};
				};
			};
			buildConfigurationList = 9CD5AF35214D9B8B00890929 /* Build configuration list for PBXProject "Current Weather" */;
			compatibilityVersion = "Xcode 9.3";
			developmentRegion = en;
			hasScannedForEncodings = 0;
			knownRegions = (
				en,
				Base,
			);
			mainGroup = 9CD5AF31214D9B8B00890929;
			productRefGroup = 9CD5AF3B214D9B8B00890929 /* Products */;
			projectDirPath = "";
			projectRoot = "";
			targets = (
				9CD5AF39214D9B8B00890929 /* Current Weather */,
			);
		};
/* End PBXProject section */

/* Begin PBXResourcesBuildPhase section */
		9CD5AF38214D9B8B00890929 /* Resources */ = {
			isa = PBXResourcesBuildPhase;
			buildActionMask = 2147483647;
			files = (
				9CDC8F042279230400DD680F /* CurrentInfoView.xib in Resources */,
				9CD5AF48214D9B8D00890929 /* LaunchScreen.storyboard in Resources */,
				9CDC8F082279425600DD680F /* CurrentInfoDetailCell.xib in Resources */,
				9CD5AF45214D9B8D00890929 /* Assets.xcassets in Resources */,
				9CDC8F0F227A02CB00DD680F /* SecondScreenView.xib in Resources */,
				9CD5AF43214D9B8C00890929 /* Main.storyboard in Resources */,
				9CDC8EFF2278F9E900DD680F /* FiveDayForecastCell.xib in Resources */,
			);
			runOnlyForDeploymentPostprocessing = 0;
		};
/* End PBXResourcesBuildPhase section */

/* Begin PBXSourcesBuildPhase section */
		9CD5AF36214D9B8B00890929 /* Sources */ = {
			isa = PBXSourcesBuildPhase;
			buildActionMask = 2147483647;
			files = (
				9CDF57F2220D159A00086046 /* NetworkManager.swift in Sources */,
				9CDC8F062279417A00DD680F /* CurrentInfoView.swift in Sources */,
				9C4B2210223D8102001C9427 /* CurrentWeatherEndPoint.swift in Sources */,
				9CDC8F022278FA3000DD680F /* FiveDayForecastCell.swift in Sources */,
				9CDC8F0D2279FF3500DD680F /* UICollectionViewExtension.swift in Sources */,
				9CDC8F0A2279445600DD680F /* CurrentInfoDetailCell.swift in Sources */,
				9C0CB89A227BDCA8004E47D2 /* UIViewExtension.swift in Sources */,
				9CDC8F15227A5AD000DD680F /* UITableViewExtension.swift in Sources */,
				9C4B2215223D8162001C9427 /* General.swift in Sources */,
				9CDC8F13227A583600DD680F /* FiveDayForecastTableViewController.swift in Sources */,
				9CA758E22288A094001A923A /* CurrentInfoDetailsCollectionViewController.swift in Sources */,
				9CD5AF40214D9B8C00890929 /* MainViewController.swift in Sources */,
				9CD5AF3E214D9B8C00890929 /* AppDelegate.swift in Sources */,
				9CA758E42288AFB3001A923A /* DateExtension.swift in Sources */,
				9C4B2212223D8111001C9427 /* FiveDayForecastEndpoint.swift in Sources */,
				9CDC8F11227A03C800DD680F /* SecondScreenView.swift in Sources */,
				9CD5AF55214DB1C200890929 /* CurrentWeatherModel.swift in Sources */,
				9C4B220B223D6E9C001C9427 /* FiveDayForecastModel.swift in Sources */,
			);
			runOnlyForDeploymentPostprocessing = 0;
		};
/* End PBXSourcesBuildPhase section */

/* Begin PBXVariantGroup section */
		9CD5AF41214D9B8C00890929 /* Main.storyboard */ = {
			isa = PBXVariantGroup;
			children = (
				9CD5AF42214D9B8C00890929 /* Base */,
			);
			name = Main.storyboard;
			sourceTree = "<group>";
		};
		9CD5AF46214D9B8D00890929 /* LaunchScreen.storyboard */ = {
			isa = PBXVariantGroup;
			children = (
				9CD5AF47214D9B8D00890929 /* Base */,
			);
			name = LaunchScreen.storyboard;
			sourceTree = "<group>";
		};
/* End PBXVariantGroup section */

/* Begin XCBuildConfiguration section */
		9CD5AF4A214D9B8D00890929 /* Debug */ = {
			isa = XCBuildConfiguration;
			buildSettings = {
				ALWAYS_SEARCH_USER_PATHS = NO;
				CLANG_ANALYZER_NONNULL = YES;
				CLANG_ANALYZER_NUMBER_OBJECT_CONVERSION = YES_AGGRESSIVE;
				CLANG_CXX_LANGUAGE_STANDARD = "gnu++14";
				CLANG_CXX_LIBRARY = "libc++";
				CLANG_ENABLE_MODULES = YES;
				CLANG_ENABLE_OBJC_ARC = YES;
				CLANG_ENABLE_OBJC_WEAK = YES;
				CLANG_WARN_BLOCK_CAPTURE_AUTORELEASING = YES;
				CLANG_WARN_BOOL_CONVERSION = YES;
				CLANG_WARN_COMMA = YES;
				CLANG_WARN_CONSTANT_CONVERSION = YES;
				CLANG_WARN_DEPRECATED_OBJC_IMPLEMENTATIONS = YES;
				CLANG_WARN_DIRECT_OBJC_ISA_USAGE = YES_ERROR;
				CLANG_WARN_DOCUMENTATION_COMMENTS = YES;
				CLANG_WARN_EMPTY_BODY = YES;
				CLANG_WARN_ENUM_CONVERSION = YES;
				CLANG_WARN_INFINITE_RECURSION = YES;
				CLANG_WARN_INT_CONVERSION = YES;
				CLANG_WARN_NON_LITERAL_NULL_CONVERSION = YES;
				CLANG_WARN_OBJC_IMPLICIT_RETAIN_SELF = YES;
				CLANG_WARN_OBJC_LITERAL_CONVERSION = YES;
				CLANG_WARN_OBJC_ROOT_CLASS = YES_ERROR;
				CLANG_WARN_RANGE_LOOP_ANALYSIS = YES;
				CLANG_WARN_STRICT_PROTOTYPES = YES;
				CLANG_WARN_SUSPICIOUS_MOVE = YES;
				CLANG_WARN_UNGUARDED_AVAILABILITY = YES_AGGRESSIVE;
				CLANG_WARN_UNREACHABLE_CODE = YES;
				CLANG_WARN__DUPLICATE_METHOD_MATCH = YES;
				CODE_SIGN_IDENTITY = "iPhone Developer";
				COPY_PHASE_STRIP = NO;
				DEBUG_INFORMATION_FORMAT = dwarf;
				ENABLE_STRICT_OBJC_MSGSEND = YES;
				ENABLE_TESTABILITY = YES;
				GCC_C_LANGUAGE_STANDARD = gnu11;
				GCC_DYNAMIC_NO_PIC = NO;
				GCC_NO_COMMON_BLOCKS = YES;
				GCC_OPTIMIZATION_LEVEL = 0;
				GCC_PREPROCESSOR_DEFINITIONS = (
					"DEBUG=1",
					"$(inherited)",
				);
				GCC_WARN_64_TO_32_BIT_CONVERSION = YES;
				GCC_WARN_ABOUT_RETURN_TYPE = YES_ERROR;
				GCC_WARN_UNDECLARED_SELECTOR = YES;
				GCC_WARN_UNINITIALIZED_AUTOS = YES_AGGRESSIVE;
				GCC_WARN_UNUSED_FUNCTION = YES;
				GCC_WARN_UNUSED_VARIABLE = YES;
				IPHONEOS_DEPLOYMENT_TARGET = 11.4;
				MTL_ENABLE_DEBUG_INFO = YES;
				ONLY_ACTIVE_ARCH = YES;
				SDKROOT = iphoneos;
				SWIFT_ACTIVE_COMPILATION_CONDITIONS = DEBUG;
				SWIFT_OPTIMIZATION_LEVEL = "-Onone";
			};
			name = Debug;
		};
		9CD5AF4B214D9B8D00890929 /* Release */ = {
			isa = XCBuildConfiguration;
			buildSettings = {
				ALWAYS_SEARCH_USER_PATHS = NO;
				CLANG_ANALYZER_NONNULL = YES;
				CLANG_ANALYZER_NUMBER_OBJECT_CONVERSION = YES_AGGRESSIVE;
				CLANG_CXX_LANGUAGE_STANDARD = "gnu++14";
				CLANG_CXX_LIBRARY = "libc++";
				CLANG_ENABLE_MODULES = YES;
				CLANG_ENABLE_OBJC_ARC = YES;
				CLANG_ENABLE_OBJC_WEAK = YES;
				CLANG_WARN_BLOCK_CAPTURE_AUTORELEASING = YES;
				CLANG_WARN_BOOL_CONVERSION = YES;
				CLANG_WARN_COMMA = YES;
				CLANG_WARN_CONSTANT_CONVERSION = YES;
				CLANG_WARN_DEPRECATED_OBJC_IMPLEMENTATIONS = YES;
				CLANG_WARN_DIRECT_OBJC_ISA_USAGE = YES_ERROR;
				CLANG_WARN_DOCUMENTATION_COMMENTS = YES;
				CLANG_WARN_EMPTY_BODY = YES;
				CLANG_WARN_ENUM_CONVERSION = YES;
				CLANG_WARN_INFINITE_RECURSION = YES;
				CLANG_WARN_INT_CONVERSION = YES;
				CLANG_WARN_NON_LITERAL_NULL_CONVERSION = YES;
				CLANG_WARN_OBJC_IMPLICIT_RETAIN_SELF = YES;
				CLANG_WARN_OBJC_LITERAL_CONVERSION = YES;
				CLANG_WARN_OBJC_ROOT_CLASS = YES_ERROR;
				CLANG_WARN_RANGE_LOOP_ANALYSIS = YES;
				CLANG_WARN_STRICT_PROTOTYPES = YES;
				CLANG_WARN_SUSPICIOUS_MOVE = YES;
				CLANG_WARN_UNGUARDED_AVAILABILITY = YES_AGGRESSIVE;
				CLANG_WARN_UNREACHABLE_CODE = YES;
				CLANG_WARN__DUPLICATE_METHOD_MATCH = YES;
				CODE_SIGN_IDENTITY = "iPhone Developer";
				COPY_PHASE_STRIP = NO;
				DEBUG_INFORMATION_FORMAT = "dwarf-with-dsym";
				ENABLE_NS_ASSERTIONS = NO;
				ENABLE_STRICT_OBJC_MSGSEND = YES;
				GCC_C_LANGUAGE_STANDARD = gnu11;
				GCC_NO_COMMON_BLOCKS = YES;
				GCC_WARN_64_TO_32_BIT_CONVERSION = YES;
				GCC_WARN_ABOUT_RETURN_TYPE = YES_ERROR;
				GCC_WARN_UNDECLARED_SELECTOR = YES;
				GCC_WARN_UNINITIALIZED_AUTOS = YES_AGGRESSIVE;
				GCC_WARN_UNUSED_FUNCTION = YES;
				GCC_WARN_UNUSED_VARIABLE = YES;
				IPHONEOS_DEPLOYMENT_TARGET = 11.4;
				MTL_ENABLE_DEBUG_INFO = NO;
				SDKROOT = iphoneos;
				SWIFT_COMPILATION_MODE = wholemodule;
				SWIFT_OPTIMIZATION_LEVEL = "-O";
				VALIDATE_PRODUCT = YES;
			};
			name = Release;
		};
		9CD5AF4D214D9B8D00890929 /* Debug */ = {
			isa = XCBuildConfiguration;
			buildSettings = {
				ASSETCATALOG_COMPILER_APPICON_NAME = AppIcon;
				CODE_SIGN_STYLE = Automatic;
				DEVELOPMENT_TEAM = 8GDXY8G5F5;
				INFOPLIST_FILE = "Current Weather/Info.plist";
				LD_RUNPATH_SEARCH_PATHS = (
					"$(inherited)",
					"@executable_path/Frameworks",
				);
				PRODUCT_BUNDLE_IDENTIFIER = "me.bilalsaad.Weather--";
				PRODUCT_NAME = "$(TARGET_NAME)";
				SWIFT_VERSION = 5.0;
				TARGETED_DEVICE_FAMILY = "1,2";
			};
			name = Debug;
		};
		9CD5AF4E214D9B8D00890929 /* Release */ = {
			isa = XCBuildConfiguration;
			buildSettings = {
				ASSETCATALOG_COMPILER_APPICON_NAME = AppIcon;
				CODE_SIGN_STYLE = Automatic;
				DEVELOPMENT_TEAM = 8GDXY8G5F5;
				INFOPLIST_FILE = "Current Weather/Info.plist";
				LD_RUNPATH_SEARCH_PATHS = (
					"$(inherited)",
					"@executable_path/Frameworks",
				);
				PRODUCT_BUNDLE_IDENTIFIER = "me.bilalsaad.Weather--";
				PRODUCT_NAME = "$(TARGET_NAME)";
				SWIFT_VERSION = 5.0;
				TARGETED_DEVICE_FAMILY = "1,2";
			};
			name = Release;
		};
/* End XCBuildConfiguration section */

/* Begin XCConfigurationList section */
		9CD5AF35214D9B8B00890929 /* Build configuration list for PBXProject "Current Weather" */ = {
			isa = XCConfigurationList;
			buildConfigurations = (
				9CD5AF4A214D9B8D00890929 /* Debug */,
				9CD5AF4B214D9B8D00890929 /* Release */,
			);
			defaultConfigurationIsVisible = 0;
			defaultConfigurationName = Release;
		};
		9CD5AF4C214D9B8D00890929 /* Build configuration list for PBXNativeTarget "Current Weather" */ = {
			isa = XCConfigurationList;
			buildConfigurations = (
				9CD5AF4D214D9B8D00890929 /* Debug */,
				9CD5AF4E214D9B8D00890929 /* Release */,
			);
			defaultConfigurationIsVisible = 0;
			defaultConfigurationName = Release;
		};
/* End XCConfigurationList section */
	};
	rootObject = 9CD5AF32214D9B8B00890929 /* Project object */;
}
